<?xml version="1.0" encoding="utf-8"?>
<Project ToolsVersion="4.0" xmlns="http://schemas.microsoft.com/developer/msbuild/2003">
  <ItemGroup>
    <Filter Include="Resource Files">
      <UniqueIdentifier>{67DA6AB6-F800-4c08-8B7A-83BB121AAD01}</UniqueIdentifier>
      <Extensions>rc;ico;cur;bmp;dlg;rc2;rct;bin;rgs;gif;jpg;jpeg;jpe;resx;tiff;tif;png;wav;mfcribbon-ms</Extensions>
    </Filter>
    <Filter Include="Test Source Files">
      <UniqueIdentifier>{18cf9c96-2ece-46b7-8e91-b1ccac63b491}</UniqueIdentifier>
    </Filter>
    <Filter Include="Test Header Files">
      <UniqueIdentifier>{fe28a022-e2ed-4071-9179-bc14fc5040a9}</UniqueIdentifier>
    </Filter>
    <Filter Include="Chase Header Files">
      <UniqueIdentifier>{93995380-89BD-4b04-88EB-625FBE52EBFB}</UniqueIdentifier>
      <Extensions>h;hpp;hxx;hm;inl;inc;xsd</Extensions>
    </Filter>
    <Filter Include="Chase Source Files">
      <UniqueIdentifier>{4FC737F1-C7A5-4376-A066-2A32D752A2FF}</UniqueIdentifier>
      <Extensions>cpp;c;cc;cxx;def;odl;idl;hpj;bat;asm;asmx</Extensions>
    </Filter>
  </ItemGroup>
  <ItemGroup>
    <ClCompile Include="..\Chase\Crawler.cpp">
      <Filter>Chase Source Files</Filter>
    </ClCompile>
    <ClCompile Include="..\Chase\HtmlSearch.cpp">
      <Filter>Chase Source Files</Filter>
    </ClCompile>
    <ClCompile Include="..\Chase\InMemoryUrlRepository.cpp">
      <Filter>Chase Source Files</Filter>
    </ClCompile>
    <ClCompile Include="BlockingQueueMoveTest.cpp">
      <Filter>Test Source Files</Filter>
    </ClCompile>
    <ClCompile Include="BlockingQueueTest.cpp">
      <Filter>Test Source Files</Filter>
    </ClCompile>
    <ClCompile Include="CrawlerTest.cpp">
      <Filter>Test Source Files</Filter>
    </ClCompile>
    <ClCompile Include="HtmlSearchTest.cpp">
      <Filter>Test Source Files</Filter>
    </ClCompile>
    <ClCompile Include="InMemoryUrlRepositoryTest.cpp">
      <Filter>Test Source Files</Filter>
    </ClCompile>
    <ClCompile Include="Main.cpp">
      <Filter>Test Source Files</Filter>
    </ClCompile>
  </ItemGroup>
  <ItemGroup>
    <ClInclude Include="..\Chase\BlockingQueue.hpp">
      <Filter>Chase Header Files</Filter>
    </ClInclude>
    <ClInclude Include="..\Chase\Crawler.hpp">
      <Filter>Chase Header Files</Filter>
    </ClInclude>
    <ClInclude Include="..\Chase\HtmlSearch.hpp">
      <Filter>Chase Header Files</Filter>
    </ClInclude>
    <ClInclude Include="..\Chase\HttpClient.hpp">
      <Filter>Chase Header Files</Filter>
    </ClInclude>
    <ClInclude Include="..\Chase\InMemoryUrlRepository.hpp">
      <Filter>Chase Header Files</Filter>
    </ClInclude>
    <ClInclude Include="..\Chase\UrlRepository.hpp">
      <Filter>Chase Header Files</Filter>
    </ClInclude>
    <ClInclude Include="HtmlTestContent.hpp">
      <Filter>Test Header Files</Filter>
    </ClInclude>
    <ClInclude Include="HttpClientStub.hpp">
      <Filter>Test Header Files</Filter>
    </ClInclude>
  </ItemGroup>
</Project>